
Microsoft Visual Studio Solution File, Format Version 12.00
# Visual Studio Version 17
VisualStudioVersion = 17.14.36414.22 d17.14
MinimumVisualStudioVersion = 10.0.40219.1
Project("{FAE04EC0-301F-11D3-BF4B-00C04F79EFBC}") = "todolist-api", "todolist-api\todolist-api.csproj", "{8FB38AAE-7FB7-45B1-9BCC-9B5FF68AC80B}"
EndProject
Global
	GlobalSection(SolutionConfigurationPlatforms) = preSolution
		Debug|Any CPU = Debug|Any CPU
		Debug|x64 = Debug|x64
		Release|Any CPU = Release|Any CPU
		Release|x64 = Release|x64
	EndGlobalSection
	GlobalSection(ProjectConfigurationPlatforms) = postSolution
		{8FB38AAE-7FB7-45B1-9BCC-9B5FF68AC80B}.Debug|Any CPU.ActiveCfg = Debug|Any CPU
		{8FB38AAE-7FB7-45B1-9BCC-9B5FF68AC80B}.Debug|Any CPU.Build.0 = Debug|Any CPU
		{8FB38AAE-7FB7-45B1-9BCC-9B5FF68AC80B}.Debug|x64.ActiveCfg = Debug|x64
		{8FB38AAE-7FB7-45B1-9BCC-9B5FF68AC80B}.Debug|x64.Build.0 = Debug|x64
		{8FB38AAE-7FB7-45B1-9BCC-9B5FF68AC80B}.Release|Any CPU.ActiveCfg = Release|Any CPU
		{8FB38AAE-7FB7-45B1-9BCC-9B5FF68AC80B}.Release|Any CPU.Build.0 = Release|Any CPU
		{8FB38AAE-7FB7-45B1-9BCC-9B5FF68AC80B}.Release|x64.ActiveCfg = Release|x64
		{8FB38AAE-7FB7-45B1-9BCC-9B5FF68AC80B}.Release|x64.Build.0 = Release|x64
	EndGlobalSection
	GlobalSection(SolutionProperties) = preSolution
		HideSolutionNode = FALSE
	EndGlobalSection
	GlobalSection(ExtensibilityGlobals) = postSolution
		SolutionGuid = {90A76E73-1BC0-42FE-BD59-C4FF3DAB1C55}
	EndGlobalSection
EndGlobal
